{
  "nodes": {
    "arbeitszeitapp": {
      "inputs": {
        "flake-utils": "flake-utils",
        "nixpkgs": "nixpkgs"
      },
      "locked": {
        "lastModified": 1653494981,
        "narHash": "sha256-HW1WCoXXvFZdpRT8cRwJne3oJ+9bZujePyHkiqYtFGI=",
        "owner": "arbeitszeit",
        "repo": "arbeitszeitapp",
        "rev": "a22e33661075b1cc72049fe47fb5fff5d6dbfdef",
        "type": "github"
      },
      "original": {
        "owner": "arbeitszeit",
        "ref": "seppeljordan/experimental",
        "repo": "arbeitszeitapp",
        "type": "github"
      }
    },
    "flake-utils": {
      "locked": {
        "lastModified": 1652776076,
        "narHash": "sha256-gzTw/v1vj4dOVbpBSJX4J0DwUR6LIyXo7/SuuTJp1kM=",
        "owner": "numtide",
        "repo": "flake-utils",
        "rev": "04c1b180862888302ddfb2e3ad9eaa63afc60cf8",
        "type": "github"
      },
      "original": {
        "owner": "numtide",
        "repo": "flake-utils",
        "type": "github"
      }
    },
    "flake-utils_2": {
      "locked": {
        "lastModified": 1652776076,
        "narHash": "sha256-gzTw/v1vj4dOVbpBSJX4J0DwUR6LIyXo7/SuuTJp1kM=",
        "owner": "numtide",
        "repo": "flake-utils",
        "rev": "04c1b180862888302ddfb2e3ad9eaa63afc60cf8",
        "type": "github"
      },
      "original": {
        "id": "flake-utils",
        "type": "indirect"
      }
    },
    "nixpkgs": {
      "locked": {
        "lastModified": 1652739558,
        "narHash": "sha256-znGkjGugajqF/sFS+H4+ENmGTaVPFE0uu1JjQZJLEaQ=",
        "owner": "NixOS",
        "repo": "nixpkgs",
        "rev": "ff691ed9ba21528c1b4e034f36a04027e4522c58",
        "type": "github"
      },
      "original": {
        "owner": "NixOS",
        "ref": "nixpkgs-unstable",
        "repo": "nixpkgs",
        "type": "github"
      }
    },
    "nixpkgs_2": {
      "locked": {
        "lastModified": 1653087707,
        "narHash": "sha256-zfno3snrzZTWQ2B7K53QHrGZwrjnJLTRPalymrSsziU=",
        "path": "/nix/store/3g25cg20m43hvsy17d7nz0jxwk79a77w-source",
        "rev": "cbd40c72b2603ab54e7208f99f9b35fc158bc009",
        "type": "path"
      },
      "original": {
        "id": "nixpkgs",
        "type": "indirect"
      }
    },
    "root": {
      "inputs": {
        "arbeitszeitapp": "arbeitszeitapp",
        "flake-utils": "flake-utils_2",
        "nixpkgs": "nixpkgs_2"
      }
    }
  },
  "root": "root",
  "version": 7
}
