{
  "nodes": {
    "arbeitszeitapp": {
      "inputs": {
        "flake-utils": "flake-utils",
        "nixpkgs": "nixpkgs"
      },
      "locked": {
        "lastModified": 1656675051,
        "narHash": "sha256-kUCrUZV8BrfcvaWU7Bqp9dufW+rf41iq8lb8vXLSURM=",
        "owner": "arbeitszeit",
        "repo": "arbeitszeitapp",
        "rev": "37615ce10add41a4636ba37065d0704ba9568a7c",
        "type": "github"
      },
      "original": {
        "owner": "arbeitszeit",
        "repo": "arbeitszeitapp",
        "type": "github"
      }
    },
    "flake-utils": {
      "locked": {
        "lastModified": 1653893745,
        "narHash": "sha256-0jntwV3Z8//YwuOjzhV2sgJJPt+HY6KhU7VZUL0fKZQ=",
        "owner": "numtide",
        "repo": "flake-utils",
        "rev": "1ed9fb1935d260de5fe1c2f7ee0ebaae17ed2fa1",
        "type": "github"
      },
      "original": {
        "owner": "numtide",
        "repo": "flake-utils",
        "type": "github"
      }
    },
    "nixpkgs": {
      "locked": {
        "lastModified": 1654398695,
        "narHash": "sha256-Kw/KeoFXszNsF5mORP45mrxCP+k9Aq03hWcuWCL9sdI=",
        "owner": "NixOS",
        "repo": "nixpkgs",
        "rev": "c5d810f4c74c824ae0fb788103003c6c9d366a08",
        "type": "github"
      },
      "original": {
        "owner": "NixOS",
        "ref": "nixpkgs-unstable",
        "repo": "nixpkgs",
        "type": "github"
      }
    },
    "nixpkgs_2": {
      "locked": {
        "lastModified": 1656589841,
        "narHash": "sha256-Kqd6r9aNIzjYGhMFYATdKwRbXBCGLcdqAJMLr4I8LG0=",
        "owner": "NixOS",
        "repo": "nixpkgs",
        "rev": "dbb62c34bbb5cdf05f1aeab07638b24b0824d605",
        "type": "github"
      },
      "original": {
        "owner": "NixOS",
        "ref": "nixos-22.05",
        "repo": "nixpkgs",
        "type": "github"
      }
    },
    "root": {
      "inputs": {
        "arbeitszeitapp": "arbeitszeitapp",
        "nixpkgs": "nixpkgs_2"
      }
    }
  },
  "root": "root",
  "version": 7
}
